Microsoft Visual Studio Solution File, Format Version 12.00
# Visual Studio Version 17
VisualStudioVersion = 17.0.31903.59
MinimumVisualStudioVersion = 10.0.40219.1
Project("{09BF043A-937B-42E1-A25B-6B3864568EA4}") = "Project_187b3018427042259eba10fe8c4071ef_20250609133122146316", "Project_187b3018427042259eba10fe8c4071ef_20250609133122146316.csproj", "{09BF043A-937B-42E1-A25B-6B3864568EA4}"
EndProject
Global
    GlobalSection(SolutionConfigurationPlatforms) = preSolution
        Debug|Any CPU = Debug|Any CPU
        Release|Any CPU = Release|Any CPU
    EndGlobalSection
    GlobalSection(ProjectConfigurationPlatforms) = postSolution
        {09BF043A-937B-42E1-A25B-6B3864568EA4}.Debug|Any CPU.ActiveCfg = Debug|Any CPU
        {09BF043A-937B-42E1-A25B-6B3864568EA4}.Debug|Any CPU.Build.0 = Debug|Any CPU
        {09BF043A-937B-42E1-A25B-6B3864568EA4}.Release|Any CPU.ActiveCfg = Release|Any CPU
        {09BF043A-937B-42E1-A25B-6B3864568EA4}.Release|Any CPU.Build.0 = Release|Any CPU
    EndGlobalSection
EndGlobal